
Microsoft Visual Studio Solution File, Format Version 12.00
# Visual Studio 15
Project("{FAE04EC0-301F-11D3-BF4B-00C04F79EFBC}") = "Assembly-CSharp", "Assembly-CSharp.csproj", "{A5B495DF-70EE-8537-8304-C494FC7D61B3}"
EndProject
Project("{FAE04EC0-301F-11D3-BF4B-00C04F79EFBC}") = "Assembly-CSharp-Editor", "Assembly-CSharp-Editor.csproj", "{9C162908-408D-6FBB-5D05-ABD560BB6CF4}"
EndProject
Global
	GlobalSection(SolutionConfigurationPlatforms) = preSolution
		Debug|Any CPU = Debug|Any CPU
		Release|Any CPU = Release|Any CPU
	EndGlobalSection
	GlobalSection(ProjectConfigurationPlatforms) = postSolution
		{A5B495DF-70EE-8537-8304-C494FC7D61B3}.Debug|Any CPU.ActiveCfg = Debug|Any CPU
		{A5B495DF-70EE-8537-8304-C494FC7D61B3}.Debug|Any CPU.Build.0 = Debug|Any CPU
		{A5B495DF-70EE-8537-8304-C494FC7D61B3}.Release|Any CPU.ActiveCfg = Release|Any CPU
		{A5B495DF-70EE-8537-8304-C494FC7D61B3}.Release|Any CPU.Build.0 = Release|Any CPU
		{9C162908-408D-6FBB-5D05-ABD560BB6CF4}.Debug|Any CPU.ActiveCfg = Debug|Any CPU
		{9C162908-408D-6FBB-5D05-ABD560BB6CF4}.Debug|Any CPU.Build.0 = Debug|Any CPU
		{9C162908-408D-6FBB-5D05-ABD560BB6CF4}.Release|Any CPU.ActiveCfg = Release|Any CPU
		{9C162908-408D-6FBB-5D05-ABD560BB6CF4}.Release|Any CPU.Build.0 = Release|Any CPU
	EndGlobalSection
	GlobalSection(SolutionProperties) = preSolution
		HideSolutionNode = FALSE
	EndGlobalSection
EndGlobal
